
Microsoft Visual Studio Solution File, Format Version 12.00
# Visual Studio Version 17
VisualStudioVersion = 17.5.002.0
MinimumVisualStudioVersion = 10.0.40219.1
Project("{9A19103F-16F7-4668-BE54-9A1E7A4F7556}") = "AquaNotes", "AquaNotes\AquaNotes.csproj", "{D179F01A-6996-4A06-9CC3-4E09552E1EE4}"
EndProject
Global
	GlobalSection(SolutionConfigurationPlatforms) = preSolution
		Debug|Any CPU = Debug|Any CPU
		Release|Any CPU = Release|Any CPU
	EndGlobalSection
	GlobalSection(ProjectConfigurationPlatforms) = postSolution
		{D179F01A-6996-4A06-9CC3-4E09552E1EE4}.Debug|Any CPU.ActiveCfg = Debug|Any CPU
		{D179F01A-6996-4A06-9CC3-4E09552E1EE4}.Debug|Any CPU.Build.0 = Debug|Any CPU
		{D179F01A-6996-4A06-9CC3-4E09552E1EE4}.Release|Any CPU.ActiveCfg = Release|Any CPU
		{D179F01A-6996-4A06-9CC3-4E09552E1EE4}.Release|Any CPU.Build.0 = Release|Any CPU
	EndGlobalSection
	GlobalSection(SolutionProperties) = preSolution
		HideSolutionNode = FALSE
	EndGlobalSection
	GlobalSection(ExtensibilityGlobals) = postSolution
		SolutionGuid = {0C421D65-74FC-4846-8764-C85B4CDC011E}
	EndGlobalSection
EndGlobal
